
Microsoft Visual Studio Solution File, Format Version 12.00
# Visual Studio Version 17
VisualStudioVersion = 17.3.32825.248
MinimumVisualStudioVersion = 10.0.40219.1
Project("{FAE04EC0-301F-11D3-BF4B-00C04F79EFBC}") = "Shmail Messenger", "Shmail Messenger\Shmail Messenger.csproj", "{F49F708C-1DF1-41AF-A82C-707167CDF47A}"
EndProject
Global
	GlobalSection(SolutionConfigurationPlatforms) = preSolution
		Debug|Any CPU = Debug|Any CPU
		Release|Any CPU = Release|Any CPU
	EndGlobalSection
	GlobalSection(ProjectConfigurationPlatforms) = postSolution
		{F49F708C-1DF1-41AF-A82C-707167CDF47A}.Debug|Any CPU.ActiveCfg = Debug|Any CPU
		{F49F708C-1DF1-41AF-A82C-707167CDF47A}.Debug|Any CPU.Build.0 = Debug|Any CPU
		{F49F708C-1DF1-41AF-A82C-707167CDF47A}.Release|Any CPU.ActiveCfg = Release|Any CPU
		{F49F708C-1DF1-41AF-A82C-707167CDF47A}.Release|Any CPU.Build.0 = Release|Any CPU
	EndGlobalSection
	GlobalSection(SolutionProperties) = preSolution
		HideSolutionNode = FALSE
	EndGlobalSection
	GlobalSection(ExtensibilityGlobals) = postSolution
		SolutionGuid = {F677B27C-90B4-4AE7-8887-D18AA96482D8}
	EndGlobalSection
EndGlobal
